
Microsoft Visual Studio Solution File, Format Version 12.00
# Visual Studio Version 16
VisualStudioVersion = 16.0.29613.14
MinimumVisualStudioVersion = 10.0.40219.1
Project("{FAE04EC0-301F-11D3-BF4B-00C04F79EFBC}") = "Snake", "Snake.csproj", "{0EA206D1-755B-4425-8828-7D72A7B4C793}"
EndProject
Global
	GlobalSection(SolutionConfigurationPlatforms) = preSolution
		Debug|Any CPU = Debug|Any CPU
		Release|Any CPU = Release|Any CPU
	EndGlobalSection
	GlobalSection(ProjectConfigurationPlatforms) = postSolution
		{0EA206D1-755B-4425-8828-7D72A7B4C793}.Debug|Any CPU.ActiveCfg = Debug|Any CPU
		{0EA206D1-755B-4425-8828-7D72A7B4C793}.Debug|Any CPU.Build.0 = Debug|Any CPU
		{0EA206D1-755B-4425-8828-7D72A7B4C793}.Release|Any CPU.ActiveCfg = Release|Any CPU
		{0EA206D1-755B-4425-8828-7D72A7B4C793}.Release|Any CPU.Build.0 = Release|Any CPU
	EndGlobalSection
	GlobalSection(SolutionProperties) = preSolution
		HideSolutionNode = FALSE
	EndGlobalSection
	GlobalSection(ExtensibilityGlobals) = postSolution
		SolutionGuid = {66A5C685-15F3-4FCD-94F1-7166FCAA25D3}
	EndGlobalSection
EndGlobal
